// !$*UTF8*$!
{
	archiveVersion = 1;
	classes = {
	};
	objectVersion = 50;
	objects = {

/* Begin PBXBuildFile section */
		7D39B77A26BB194500032A13 /* AppDelegate.swift in Sources */ = {isa = PBXBuildFile; fileRef = 7D39B77926BB194500032A13 /* AppDelegate.swift */; };
		7D39B77C26BB194500032A13 /* SceneDelegate.swift in Sources */ = {isa = PBXBuildFile; fileRef = 7D39B77B26BB194500032A13 /* SceneDelegate.swift */; };
		7D39B78126BB194500032A13 /* Main.storyboard in Resources */ = {isa = PBXBuildFile; fileRef = 7D39B77F26BB194500032A13 /* Main.storyboard */; };
		7D39B78626BB194800032A13 /* LaunchScreen.storyboard in Resources */ = {isa = PBXBuildFile; fileRef = 7D39B78426BB194800032A13 /* LaunchScreen.storyboard */; };
		7D39B79526BB544200032A13 /* PostModel.swift in Sources */ = {isa = PBXBuildFile; fileRef = 7D39B79426BB544200032A13 /* PostModel.swift */; };
		7D39B79726BB549200032A13 /* Comment.swift in Sources */ = {isa = PBXBuildFile; fileRef = 7D39B79626BB549200032A13 /* Comment.swift */; };
		7D39B79926BB567400032A13 /* SignUpViewController.swift in Sources */ = {isa = PBXBuildFile; fileRef = 7D39B79826BB567400032A13 /* SignUpViewController.swift */; };
		7D39B79B26BB569700032A13 /* CommentFeedViewController.swift in Sources */ = {isa = PBXBuildFile; fileRef = 7D39B79A26BB569700032A13 /* CommentFeedViewController.swift */; };
		7D39B79D26BB56F500032A13 /* NoPostViewController.swift in Sources */ = {isa = PBXBuildFile; fileRef = 7D39B79C26BB56F500032A13 /* NoPostViewController.swift */; };
		7D39B79F26BB572A00032A13 /* CommentCellTableViewCell.swift in Sources */ = {isa = PBXBuildFile; fileRef = 7D39B79E26BB572900032A13 /* CommentCellTableViewCell.swift */; };
		7D39B7A126BB577100032A13 /* CommentCellViewController.swift in Sources */ = {isa = PBXBuildFile; fileRef = 7D39B7A026BB577100032A13 /* CommentCellViewController.swift */; };
		7D9DC83927305200002B612E /* Assets.xcassets in Resources */ = {isa = PBXBuildFile; fileRef = 7D9DC83827305200002B612E /* Assets.xcassets */; };
		7DF3411E26BCB178009BC4DE /* SecondaryCommentTableViewCell.swift in Sources */ = {isa = PBXBuildFile; fileRef = 7DF3411D26BCB178009BC4DE /* SecondaryCommentTableViewCell.swift */; };
/* End PBXBuildFile section */

/* Begin PBXFileReference section */
		7D39B77626BB194500032A13 /* ShakalBook.app */ = {isa = PBXFileReference; explicitFileType = wrapper.application; includeInIndex = 0; path = ShakalBook.app; sourceTree = BUILT_PRODUCTS_DIR; };
		7D39B77926BB194500032A13 /* AppDelegate.swift */ = {isa = PBXFileReference; lastKnownFileType = sourcecode.swift; path = AppDelegate.swift; sourceTree = "<group>"; };
		7D39B77B26BB194500032A13 /* SceneDelegate.swift */ = {isa = PBXFileReference; lastKnownFileType = sourcecode.swift; path = SceneDelegate.swift; sourceTree = "<group>"; };
		7D39B78026BB194500032A13 /* Base */ = {isa = PBXFileReference; lastKnownFileType = file.storyboard; name = Base; path = Base.lproj/Main.storyboard; sourceTree = "<group>"; };
		7D39B78526BB194800032A13 /* Base */ = {isa = PBXFileReference; lastKnownFileType = file.storyboard; name = Base; path = Base.lproj/LaunchScreen.storyboard; sourceTree = "<group>"; };
		7D39B78726BB194800032A13 /* Info.plist */ = {isa = PBXFileReference; lastKnownFileType = text.plist.xml; path = Info.plist; sourceTree = "<group>"; };
		7D39B79426BB544200032A13 /* PostModel.swift */ = {isa = PBXFileReference; lastKnownFileType = sourcecode.swift; path = PostModel.swift; sourceTree = "<group>"; };
		7D39B79626BB549200032A13 /* Comment.swift */ = {isa = PBXFileReference; lastKnownFileType = sourcecode.swift; path = Comment.swift; sourceTree = "<group>"; };
		7D39B79826BB567400032A13 /* SignUpViewController.swift */ = {isa = PBXFileReference; lastKnownFileType = sourcecode.swift; path = SignUpViewController.swift; sourceTree = "<group>"; };
		7D39B79A26BB569700032A13 /* CommentFeedViewController.swift */ = {isa = PBXFileReference; lastKnownFileType = sourcecode.swift; path = CommentFeedViewController.swift; sourceTree = "<group>"; };
		7D39B79C26BB56F500032A13 /* NoPostViewController.swift */ = {isa = PBXFileReference; lastKnownFileType = sourcecode.swift; path = NoPostViewController.swift; sourceTree = "<group>"; };
		7D39B79E26BB572900032A13 /* CommentCellTableViewCell.swift */ = {isa = PBXFileReference; lastKnownFileType = sourcecode.swift; path = CommentCellTableViewCell.swift; sourceTree = "<group>"; };
		7D39B7A026BB577100032A13 /* CommentCellViewController.swift */ = {isa = PBXFileReference; lastKnownFileType = sourcecode.swift; path = CommentCellViewController.swift; sourceTree = "<group>"; };
		7D9DC83827305200002B612E /* Assets.xcassets */ = {isa = PBXFileReference; lastKnownFileType = folder.assetcatalog; name = Assets.xcassets; path = "../../AppIcons-3/Assets.xcassets"; sourceTree = "<group>"; };
		7DF3411D26BCB178009BC4DE /* SecondaryCommentTableViewCell.swift */ = {isa = PBXFileReference; lastKnownFileType = sourcecode.swift; path = SecondaryCommentTableViewCell.swift; sourceTree = "<group>"; };
/* End PBXFileReference section */

/* Begin PBXFrameworksBuildPhase section */
		7D39B77326BB194500032A13 /* Frameworks */ = {
			isa = PBXFrameworksBuildPhase;
			buildActionMask = 2147483647;
			files = (
			);
			runOnlyForDeploymentPostprocessing = 0;
		};
/* End PBXFrameworksBuildPhase section */

/* Begin PBXGroup section */
		7D39B76D26BB194500032A13 = {
			isa = PBXGroup;
			children = (
				7D39B77826BB194500032A13 /* ShakalBook */,
				7D39B77726BB194500032A13 /* Products */,
			);
			sourceTree = "<group>";
		};
		7D39B77726BB194500032A13 /* Products */ = {
			isa = PBXGroup;
			children = (
				7D39B77626BB194500032A13 /* ShakalBook.app */,
			);
			name = Products;
			sourceTree = "<group>";
		};
		7D39B77826BB194500032A13 /* ShakalBook */ = {
			isa = PBXGroup;
			children = (
				7D39B79326BB538300032A13 /* Model */,
				7D39B79226BB537000032A13 /* Controller */,
				7D39B79126BB536300032A13 /* View */,
				7D39B77926BB194500032A13 /* AppDelegate.swift */,
				7D39B77B26BB194500032A13 /* SceneDelegate.swift */,
				7D9DC83827305200002B612E /* Assets.xcassets */,
				7D39B78426BB194800032A13 /* LaunchScreen.storyboard */,
				7D39B78726BB194800032A13 /* Info.plist */,
			);
			path = ShakalBook;
			sourceTree = "<group>";
		};
		7D39B79126BB536300032A13 /* View */ = {
			isa = PBXGroup;
			children = (
				7D39B77F26BB194500032A13 /* Main.storyboard */,
			);
			path = View;
			sourceTree = "<group>";
		};
		7D39B79226BB537000032A13 /* Controller */ = {
			isa = PBXGroup;
			children = (
				7D39B79826BB567400032A13 /* SignUpViewController.swift */,
				7D39B79A26BB569700032A13 /* CommentFeedViewController.swift */,
				7D39B79C26BB56F500032A13 /* NoPostViewController.swift */,
				7D39B79E26BB572900032A13 /* CommentCellTableViewCell.swift */,
				7D39B7A026BB577100032A13 /* CommentCellViewController.swift */,
				7DF3411D26BCB178009BC4DE /* SecondaryCommentTableViewCell.swift */,
			);
			path = Controller;
			sourceTree = "<group>";
		};
		7D39B79326BB538300032A13 /* Model */ = {
			isa = PBXGroup;
			children = (
				7D39B79426BB544200032A13 /* PostModel.swift */,
				7D39B79626BB549200032A13 /* Comment.swift */,
			);
			path = Model;
			sourceTree = "<group>";
		};
/* End PBXGroup section */

/* Begin PBXNativeTarget section */
		7D39B77526BB194500032A13 /* ShakalBook */ = {
			isa = PBXNativeTarget;
			buildConfigurationList = 7D39B78A26BB194800032A13 /* Build configuration list for PBXNativeTarget "ShakalBook" */;
			buildPhases = (
				7D39B77226BB194500032A13 /* Sources */,
				7D39B77326BB194500032A13 /* Frameworks */,
				7D39B77426BB194500032A13 /* Resources */,
			);
			buildRules = (
			);
			dependencies = (
			);
			name = ShakalBook;
			productName = ShakalBook;
			productReference = 7D39B77626BB194500032A13 /* ShakalBook.app */;
			productType = "com.apple.product-type.application";
		};
/* End PBXNativeTarget section */

/* Begin PBXProject section */
		7D39B76E26BB194500032A13 /* Project object */ = {
			isa = PBXProject;
			attributes = {
				LastSwiftUpdateCheck = 1250;
				LastUpgradeCheck = 1250;
				TargetAttributes = {
					7D39B77526BB194500032A13 = {
						CreatedOnToolsVersion = 12.5.1;
					};
				};
			};
			buildConfigurationList = 7D39B77126BB194500032A13 /* Build configuration list for PBXProject "ShakalBook" */;
			compatibilityVersion = "Xcode 9.3";
			developmentRegion = en;
			hasScannedForEncodings = 0;
			knownRegions = (
				en,
				Base,
			);
			mainGroup = 7D39B76D26BB194500032A13;
			productRefGroup = 7D39B77726BB194500032A13 /* Products */;
			projectDirPath = "";
			projectRoot = "";
			targets = (
				7D39B77526BB194500032A13 /* ShakalBook */,
			);
		};
/* End PBXProject section */

/* Begin PBXResourcesBuildPhase section */
		7D39B77426BB194500032A13 /* Resources */ = {
			isa = PBXResourcesBuildPhase;
			buildActionMask = 2147483647;
			files = (
				7D39B78626BB194800032A13 /* LaunchScreen.storyboard in Resources */,
				7D9DC83927305200002B612E /* Assets.xcassets in Resources */,
				7D39B78126BB194500032A13 /* Main.storyboard in Resources */,
			);
			runOnlyForDeploymentPostprocessing = 0;
		};
/* End PBXResourcesBuildPhase section */

/* Begin PBXSourcesBuildPhase section */
		7D39B77226BB194500032A13 /* Sources */ = {
			isa = PBXSourcesBuildPhase;
			buildActionMask = 2147483647;
			files = (
				7D39B79726BB549200032A13 /* Comment.swift in Sources */,
				7D39B79D26BB56F500032A13 /* NoPostViewController.swift in Sources */,
				7D39B79526BB544200032A13 /* PostModel.swift in Sources */,
				7D39B77A26BB194500032A13 /* AppDelegate.swift in Sources */,
				7DF3411E26BCB178009BC4DE /* SecondaryCommentTableViewCell.swift in Sources */,
				7D39B77C26BB194500032A13 /* SceneDelegate.swift in Sources */,
				7D39B79B26BB569700032A13 /* CommentFeedViewController.swift in Sources */,
				7D39B7A126BB577100032A13 /* CommentCellViewController.swift in Sources */,
				7D39B79926BB567400032A13 /* SignUpViewController.swift in Sources */,
				7D39B79F26BB572A00032A13 /* CommentCellTableViewCell.swift in Sources */,
			);
			runOnlyForDeploymentPostprocessing = 0;
		};
/* End PBXSourcesBuildPhase section */

/* Begin PBXVariantGroup section */
		7D39B77F26BB194500032A13 /* Main.storyboard */ = {
			isa = PBXVariantGroup;
			children = (
				7D39B78026BB194500032A13 /* Base */,
			);
			name = Main.storyboard;
			sourceTree = "<group>";
		};
		7D39B78426BB194800032A13 /* LaunchScreen.storyboard */ = {
			isa = PBXVariantGroup;
			children = (
				7D39B78526BB194800032A13 /* Base */,
			);
			name = LaunchScreen.storyboard;
			sourceTree = "<group>";
		};
/* End PBXVariantGroup section */

/* Begin XCBuildConfiguration section */
		7D39B78826BB194800032A13 /* Debug */ = {
			isa = XCBuildConfiguration;
			buildSettings = {
				ALWAYS_SEARCH_USER_PATHS = NO;
				CLANG_ANALYZER_NONNULL = YES;
				CLANG_ANALYZER_NUMBER_OBJECT_CONVERSION = YES_AGGRESSIVE;
				CLANG_CXX_LANGUAGE_STANDARD = "gnu++14";
				CLANG_CXX_LIBRARY = "libc++";
				CLANG_ENABLE_MODULES = YES;
				CLANG_ENABLE_OBJC_ARC = YES;
				CLANG_ENABLE_OBJC_WEAK = YES;
				CLANG_WARN_BLOCK_CAPTURE_AUTORELEASING = YES;
				CLANG_WARN_BOOL_CONVERSION = YES;
				CLANG_WARN_COMMA = YES;
				CLANG_WARN_CONSTANT_CONVERSION = YES;
				CLANG_WARN_DEPRECATED_OBJC_IMPLEMENTATIONS = YES;
				CLANG_WARN_DIRECT_OBJC_ISA_USAGE = YES_ERROR;
				CLANG_WARN_DOCUMENTATION_COMMENTS = YES;
				CLANG_WARN_EMPTY_BODY = YES;
				CLANG_WARN_ENUM_CONVERSION = YES;
				CLANG_WARN_INFINITE_RECURSION = YES;
				CLANG_WARN_INT_CONVERSION = YES;
				CLANG_WARN_NON_LITERAL_NULL_CONVERSION = YES;
				CLANG_WARN_OBJC_IMPLICIT_RETAIN_SELF = YES;
				CLANG_WARN_OBJC_LITERAL_CONVERSION = YES;
				CLANG_WARN_OBJC_ROOT_CLASS = YES_ERROR;
				CLANG_WARN_QUOTED_INCLUDE_IN_FRAMEWORK_HEADER = YES;
				CLANG_WARN_RANGE_LOOP_ANALYSIS = YES;
				CLANG_WARN_STRICT_PROTOTYPES = YES;
				CLANG_WARN_SUSPICIOUS_MOVE = YES;
				CLANG_WARN_UNGUARDED_AVAILABILITY = YES_AGGRESSIVE;
				CLANG_WARN_UNREACHABLE_CODE = YES;
				CLANG_WARN__DUPLICATE_METHOD_MATCH = YES;
				COPY_PHASE_STRIP = NO;
				DEBUG_INFORMATION_FORMAT = dwarf;
				ENABLE_STRICT_OBJC_MSGSEND = YES;
				ENABLE_TESTABILITY = YES;
				GCC_C_LANGUAGE_STANDARD = gnu11;
				GCC_DYNAMIC_NO_PIC = NO;
				GCC_NO_COMMON_BLOCKS = YES;
				GCC_OPTIMIZATION_LEVEL = 0;
				GCC_PREPROCESSOR_DEFINITIONS = (
					"DEBUG=1",
					"$(inherited)",
				);
				GCC_WARN_64_TO_32_BIT_CONVERSION = YES;
				GCC_WARN_ABOUT_RETURN_TYPE = YES_ERROR;
				GCC_WARN_UNDECLARED_SELECTOR = YES;
				GCC_WARN_UNINITIALIZED_AUTOS = YES_AGGRESSIVE;
				GCC_WARN_UNUSED_FUNCTION = YES;
				GCC_WARN_UNUSED_VARIABLE = YES;
				IPHONEOS_DEPLOYMENT_TARGET = 14.5;
				MTL_ENABLE_DEBUG_INFO = INCLUDE_SOURCE;
				MTL_FAST_MATH = YES;
				ONLY_ACTIVE_ARCH = YES;
				SDKROOT = iphoneos;
				SWIFT_ACTIVE_COMPILATION_CONDITIONS = DEBUG;
				SWIFT_OPTIMIZATION_LEVEL = "-Onone";
			};
			name = Debug;
		};
		7D39B78926BB194800032A13 /* Release */ = {
			isa = XCBuildConfiguration;
			buildSettings = {
				ALWAYS_SEARCH_USER_PATHS = NO;
				CLANG_ANALYZER_NONNULL = YES;
				CLANG_ANALYZER_NUMBER_OBJECT_CONVERSION = YES_AGGRESSIVE;
				CLANG_CXX_LANGUAGE_STANDARD = "gnu++14";
				CLANG_CXX_LIBRARY = "libc++";
				CLANG_ENABLE_MODULES = YES;
				CLANG_ENABLE_OBJC_ARC = YES;
				CLANG_ENABLE_OBJC_WEAK = YES;
				CLANG_WARN_BLOCK_CAPTURE_AUTORELEASING = YES;
				CLANG_WARN_BOOL_CONVERSION = YES;
				CLANG_WARN_COMMA = YES;
				CLANG_WARN_CONSTANT_CONVERSION = YES;
				CLANG_WARN_DEPRECATED_OBJC_IMPLEMENTATIONS = YES;
				CLANG_WARN_DIRECT_OBJC_ISA_USAGE = YES_ERROR;
				CLANG_WARN_DOCUMENTATION_COMMENTS = YES;
				CLANG_WARN_EMPTY_BODY = YES;
				CLANG_WARN_ENUM_CONVERSION = YES;
				CLANG_WARN_INFINITE_RECURSION = YES;
				CLANG_WARN_INT_CONVERSION = YES;
				CLANG_WARN_NON_LITERAL_NULL_CONVERSION = YES;
				CLANG_WARN_OBJC_IMPLICIT_RETAIN_SELF = YES;
				CLANG_WARN_OBJC_LITERAL_CONVERSION = YES;
				CLANG_WARN_OBJC_ROOT_CLASS = YES_ERROR;
				CLANG_WARN_QUOTED_INCLUDE_IN_FRAMEWORK_HEADER = YES;
				CLANG_WARN_RANGE_LOOP_ANALYSIS = YES;
				CLANG_WARN_STRICT_PROTOTYPES = YES;
				CLANG_WARN_SUSPICIOUS_MOVE = YES;
				CLANG_WARN_UNGUARDED_AVAILABILITY = YES_AGGRESSIVE;
				CLANG_WARN_UNREACHABLE_CODE = YES;
				CLANG_WARN__DUPLICATE_METHOD_MATCH = YES;
				COPY_PHASE_STRIP = NO;
				DEBUG_INFORMATION_FORMAT = "dwarf-with-dsym";
				ENABLE_NS_ASSERTIONS = NO;
				ENABLE_STRICT_OBJC_MSGSEND = YES;
				GCC_C_LANGUAGE_STANDARD = gnu11;
				GCC_NO_COMMON_BLOCKS = YES;
				GCC_WARN_64_TO_32_BIT_CONVERSION = YES;
				GCC_WARN_ABOUT_RETURN_TYPE = YES_ERROR;
				GCC_WARN_UNDECLARED_SELECTOR = YES;
				GCC_WARN_UNINITIALIZED_AUTOS = YES_AGGRESSIVE;
				GCC_WARN_UNUSED_FUNCTION = YES;
				GCC_WARN_UNUSED_VARIABLE = YES;
				IPHONEOS_DEPLOYMENT_TARGET = 14.5;
				MTL_ENABLE_DEBUG_INFO = NO;
				MTL_FAST_MATH = YES;
				SDKROOT = iphoneos;
				SWIFT_COMPILATION_MODE = wholemodule;
				SWIFT_OPTIMIZATION_LEVEL = "-O";
				VALIDATE_PRODUCT = YES;
			};
			name = Release;
		};
		7D39B78B26BB194800032A13 /* Debug */ = {
			isa = XCBuildConfiguration;
			buildSettings = {
				ASSETCATALOG_COMPILER_APPICON_NAME = AppIcon;
				ASSETCATALOG_COMPILER_GLOBAL_ACCENT_COLOR_NAME = AccentColor;
				CODE_SIGN_STYLE = Automatic;
				INFOPLIST_FILE = ShakalBook/Info.plist;
				LD_RUNPATH_SEARCH_PATHS = (
					"$(inherited)",
					"@executable_path/Frameworks",
				);
				PRODUCT_BUNDLE_IDENTIFIER = OsamaVaince.ShakalBook;
				PRODUCT_NAME = "$(TARGET_NAME)";
				SWIFT_VERSION = 5.0;
				TARGETED_DEVICE_FAMILY = "1,2";
			};
			name = Debug;
		};
		7D39B78C26BB194800032A13 /* Release */ = {
			isa = XCBuildConfiguration;
			buildSettings = {
				ASSETCATALOG_COMPILER_APPICON_NAME = AppIcon;
				ASSETCATALOG_COMPILER_GLOBAL_ACCENT_COLOR_NAME = AccentColor;
				CODE_SIGN_STYLE = Automatic;
				INFOPLIST_FILE = ShakalBook/Info.plist;
				LD_RUNPATH_SEARCH_PATHS = (
					"$(inherited)",
					"@executable_path/Frameworks",
				);
				PRODUCT_BUNDLE_IDENTIFIER = OsamaVaince.ShakalBook;
				PRODUCT_NAME = "$(TARGET_NAME)";
				SWIFT_VERSION = 5.0;
				TARGETED_DEVICE_FAMILY = "1,2";
			};
			name = Release;
		};
/* End XCBuildConfiguration section */

/* Begin XCConfigurationList section */
		7D39B77126BB194500032A13 /* Build configuration list for PBXProject "ShakalBook" */ = {
			isa = XCConfigurationList;
			buildConfigurations = (
				7D39B78826BB194800032A13 /* Debug */,
				7D39B78926BB194800032A13 /* Release */,
			);
			defaultConfigurationIsVisible = 0;
			defaultConfigurationName = Release;
		};
		7D39B78A26BB194800032A13 /* Build configuration list for PBXNativeTarget "ShakalBook" */ = {
			isa = XCConfigurationList;
			buildConfigurations = (
				7D39B78B26BB194800032A13 /* Debug */,
				7D39B78C26BB194800032A13 /* Release */,
			);
			defaultConfigurationIsVisible = 0;
			defaultConfigurationName = Release;
		};
/* End XCConfigurationList section */
	};
	rootObject = 7D39B76E26BB194500032A13 /* Project object */;
}
